
Microsoft Visual Studio Solution File, Format Version 12.00
# Visual Studio 15
VisualStudioVersion = 15.0.26430.15
MinimumVisualStudioVersion = 10.0.40219.1
Project("{FAE04EC0-301F-11D3-BF4B-00C04F79EFBC}") = "Generics", "Generics\Generics.csproj", "{E6B64DC0-10A0-4D68-B41E-7CBFF5B7888B}"
EndProject
Project("{FAE04EC0-301F-11D3-BF4B-00C04F79EFBC}") = "GenericTest", "UnitTestProject1\GenericTest.csproj", "{7409EC44-3EBC-4F76-ABF1-0E04F7B06DE0}"
EndProject
Project("{2150E333-8FDC-42A3-9474-1A3956D46DE8}") = "0.1Exemple", "0.1Exemple", "{AB3D7237-3842-4B70-A84B-794EDE74E6E4}"
EndProject
Project("{2150E333-8FDC-42A3-9474-1A3956D46DE8}") = "Entity", "Entity", "{443A7AC7-FB0D-4B04-B654-ADBD4355AF6F}"
EndProject
Project("{2150E333-8FDC-42A3-9474-1A3956D46DE8}") = "UI", "UI", "{E1508720-32DB-48C0-A5CB-BF88A9AB5B9E}"
EndProject
Project("{2150E333-8FDC-42A3-9474-1A3956D46DE8}") = "Services", "Services", "{FD9EBBCE-B844-483B-9496-FD61BD24AA21}"
EndProject
Project("{2150E333-8FDC-42A3-9474-1A3956D46DE8}") = "Repository", "Repository", "{6A1A8972-4E9A-4C81-B9D5-88E581D4687B}"
EndProject
Project("{FAE04EC0-301F-11D3-BF4B-00C04F79EFBC}") = "TrainingApp", "TrainingApp\TrainingApp.csproj", "{526C1667-CB25-4655-B52F-AF585FFDB803}"
EndProject
Project("{9A19103F-16F7-4668-BE54-9A1E7A4F7556}") = "Services", "Services\Services.csproj", "{84450997-3619-4460-960A-47EA72A68079}"
EndProject
Project("{9A19103F-16F7-4668-BE54-9A1E7A4F7556}") = "Model", "Model\Model.csproj", "{AD05506B-36F1-4690-8375-8148C5FE57FA}"
EndProject
Project("{FAE04EC0-301F-11D3-BF4B-00C04F79EFBC}") = "DAL", "DAL\DAL.csproj", "{B54C0E7D-0CAF-4E0E-AC2B-C4A1051B37EA}"
EndProject
Project("{FAE04EC0-301F-11D3-BF4B-00C04F79EFBC}") = "Interfaces", "Interfaces\Interfaces.csproj", "{5D609DD6-3EA2-424F-B2F8-E66F96A01D3F}"
EndProject
Project("{2150E333-8FDC-42A3-9474-1A3956D46DE8}") = "Contracts", "Contracts", "{FF62F67B-1BF7-4A65-BE4D-EF2DFBEAA264}"
EndProject
Global
	GlobalSection(SolutionConfigurationPlatforms) = preSolution
		Debug|Any CPU = Debug|Any CPU
		Release|Any CPU = Release|Any CPU
	EndGlobalSection
	GlobalSection(ProjectConfigurationPlatforms) = postSolution
		{E6B64DC0-10A0-4D68-B41E-7CBFF5B7888B}.Debug|Any CPU.ActiveCfg = Debug|Any CPU
		{E6B64DC0-10A0-4D68-B41E-7CBFF5B7888B}.Debug|Any CPU.Build.0 = Debug|Any CPU
		{E6B64DC0-10A0-4D68-B41E-7CBFF5B7888B}.Release|Any CPU.ActiveCfg = Release|Any CPU
		{E6B64DC0-10A0-4D68-B41E-7CBFF5B7888B}.Release|Any CPU.Build.0 = Release|Any CPU
		{7409EC44-3EBC-4F76-ABF1-0E04F7B06DE0}.Debug|Any CPU.ActiveCfg = Debug|Any CPU
		{7409EC44-3EBC-4F76-ABF1-0E04F7B06DE0}.Debug|Any CPU.Build.0 = Debug|Any CPU
		{7409EC44-3EBC-4F76-ABF1-0E04F7B06DE0}.Release|Any CPU.ActiveCfg = Release|Any CPU
		{7409EC44-3EBC-4F76-ABF1-0E04F7B06DE0}.Release|Any CPU.Build.0 = Release|Any CPU
		{526C1667-CB25-4655-B52F-AF585FFDB803}.Debug|Any CPU.ActiveCfg = Debug|Any CPU
		{526C1667-CB25-4655-B52F-AF585FFDB803}.Debug|Any CPU.Build.0 = Debug|Any CPU
		{526C1667-CB25-4655-B52F-AF585FFDB803}.Release|Any CPU.ActiveCfg = Release|Any CPU
		{526C1667-CB25-4655-B52F-AF585FFDB803}.Release|Any CPU.Build.0 = Release|Any CPU
		{84450997-3619-4460-960A-47EA72A68079}.Debug|Any CPU.ActiveCfg = Debug|Any CPU
		{84450997-3619-4460-960A-47EA72A68079}.Debug|Any CPU.Build.0 = Debug|Any CPU
		{84450997-3619-4460-960A-47EA72A68079}.Release|Any CPU.ActiveCfg = Release|Any CPU
		{84450997-3619-4460-960A-47EA72A68079}.Release|Any CPU.Build.0 = Release|Any CPU
		{AD05506B-36F1-4690-8375-8148C5FE57FA}.Debug|Any CPU.ActiveCfg = Debug|Any CPU
		{AD05506B-36F1-4690-8375-8148C5FE57FA}.Debug|Any CPU.Build.0 = Debug|Any CPU
		{AD05506B-36F1-4690-8375-8148C5FE57FA}.Release|Any CPU.ActiveCfg = Release|Any CPU
		{AD05506B-36F1-4690-8375-8148C5FE57FA}.Release|Any CPU.Build.0 = Release|Any CPU
		{B54C0E7D-0CAF-4E0E-AC2B-C4A1051B37EA}.Debug|Any CPU.ActiveCfg = Debug|Any CPU
		{B54C0E7D-0CAF-4E0E-AC2B-C4A1051B37EA}.Debug|Any CPU.Build.0 = Debug|Any CPU
		{B54C0E7D-0CAF-4E0E-AC2B-C4A1051B37EA}.Release|Any CPU.ActiveCfg = Release|Any CPU
		{B54C0E7D-0CAF-4E0E-AC2B-C4A1051B37EA}.Release|Any CPU.Build.0 = Release|Any CPU
		{5D609DD6-3EA2-424F-B2F8-E66F96A01D3F}.Debug|Any CPU.ActiveCfg = Debug|Any CPU
		{5D609DD6-3EA2-424F-B2F8-E66F96A01D3F}.Debug|Any CPU.Build.0 = Debug|Any CPU
		{5D609DD6-3EA2-424F-B2F8-E66F96A01D3F}.Release|Any CPU.ActiveCfg = Release|Any CPU
		{5D609DD6-3EA2-424F-B2F8-E66F96A01D3F}.Release|Any CPU.Build.0 = Release|Any CPU
	EndGlobalSection
	GlobalSection(SolutionProperties) = preSolution
		HideSolutionNode = FALSE
	EndGlobalSection
	GlobalSection(NestedProjects) = preSolution
		{E6B64DC0-10A0-4D68-B41E-7CBFF5B7888B} = {AB3D7237-3842-4B70-A84B-794EDE74E6E4}
		{7409EC44-3EBC-4F76-ABF1-0E04F7B06DE0} = {AB3D7237-3842-4B70-A84B-794EDE74E6E4}
		{526C1667-CB25-4655-B52F-AF585FFDB803} = {E1508720-32DB-48C0-A5CB-BF88A9AB5B9E}
		{84450997-3619-4460-960A-47EA72A68079} = {FD9EBBCE-B844-483B-9496-FD61BD24AA21}
		{AD05506B-36F1-4690-8375-8148C5FE57FA} = {443A7AC7-FB0D-4B04-B654-ADBD4355AF6F}
		{B54C0E7D-0CAF-4E0E-AC2B-C4A1051B37EA} = {6A1A8972-4E9A-4C81-B9D5-88E581D4687B}
		{5D609DD6-3EA2-424F-B2F8-E66F96A01D3F} = {FF62F67B-1BF7-4A65-BE4D-EF2DFBEAA264}
	EndGlobalSection
EndGlobal
